
Microsoft Visual Studio Solution File, Format Version 12.00
# Visual Studio Version 16
VisualStudioVersion = 16.0.34114.132
MinimumVisualStudioVersion = 10.0.40219.1
Project("{FAE04EC0-301F-11D3-BF4B-00C04F79EFBC}") = "TeknikServis_Web", "TeknikServis_Web\TeknikServis_Web.csproj", "{A95BC7A6-DCCC-49BC-87F5-B408D763F364}"
EndProject
Global
	GlobalSection(SolutionConfigurationPlatforms) = preSolution
		Debug|Any CPU = Debug|Any CPU
		Release|Any CPU = Release|Any CPU
	EndGlobalSection
	GlobalSection(ProjectConfigurationPlatforms) = postSolution
		{A95BC7A6-DCCC-49BC-87F5-B408D763F364}.Debug|Any CPU.ActiveCfg = Debug|Any CPU
		{A95BC7A6-DCCC-49BC-87F5-B408D763F364}.Debug|Any CPU.Build.0 = Debug|Any CPU
		{A95BC7A6-DCCC-49BC-87F5-B408D763F364}.Release|Any CPU.ActiveCfg = Release|Any CPU
		{A95BC7A6-DCCC-49BC-87F5-B408D763F364}.Release|Any CPU.Build.0 = Release|Any CPU
	EndGlobalSection
	GlobalSection(SolutionProperties) = preSolution
		HideSolutionNode = FALSE
	EndGlobalSection
	GlobalSection(ExtensibilityGlobals) = postSolution
		SolutionGuid = {27D7041C-867E-4432-8180-24D76F54E5BD}
	EndGlobalSection
EndGlobal
